// !$*UTF8*$!
{
	archiveVersion = 1;
	classes = {
	};
	objectVersion = 50;
	objects = {

/* Begin PBXBuildFile section */
		2045F23B25E936C000D03EAA /* GeneratorProtocol.swift in Sources */ = {isa = PBXBuildFile; fileRef = 2045F23A25E936C000D03EAA /* GeneratorProtocol.swift */; };
		2045F23F25E9372E00D03EAA /* FibsNumbersModel.swift in Sources */ = {isa = PBXBuildFile; fileRef = 2045F23E25E9372E00D03EAA /* FibsNumbersModel.swift */; };
		206580DE25DFE1F200D0A4E6 /* CustomCollectionViewCell.swift in Sources */ = {isa = PBXBuildFile; fileRef = 206580DD25DFE1F200D0A4E6 /* CustomCollectionViewCell.swift */; };
		20B3731B25DE9B1E00CC6336 /* AppDelegate.swift in Sources */ = {isa = PBXBuildFile; fileRef = 20B3731A25DE9B1E00CC6336 /* AppDelegate.swift */; };
		20B3731D25DE9B1E00CC6336 /* SceneDelegate.swift in Sources */ = {isa = PBXBuildFile; fileRef = 20B3731C25DE9B1E00CC6336 /* SceneDelegate.swift */; };
		20B3731F25DE9B1E00CC6336 /* MainViewController.swift in Sources */ = {isa = PBXBuildFile; fileRef = 20B3731E25DE9B1E00CC6336 /* MainViewController.swift */; };
		20B3732425DE9B2100CC6336 /* Assets.xcassets in Resources */ = {isa = PBXBuildFile; fileRef = 20B3732325DE9B2100CC6336 /* Assets.xcassets */; };
		20B3732725DE9B2100CC6336 /* LaunchScreen.storyboard in Resources */ = {isa = PBXBuildFile; fileRef = 20B3732525DE9B2100CC6336 /* LaunchScreen.storyboard */; };
		20ED0AB725DEA776007C3BA8 /* MainViewModel.swift in Sources */ = {isa = PBXBuildFile; fileRef = 20ED0AB625DEA776007C3BA8 /* MainViewModel.swift */; };
		20ED0ABB25DEA7CD007C3BA8 /* PrimeNumbersModel.swift in Sources */ = {isa = PBXBuildFile; fileRef = 20ED0ABA25DEA7CD007C3BA8 /* PrimeNumbersModel.swift */; };
		20ED0ABF25DEADEC007C3BA8 /* ModuleAssembler.swift in Sources */ = {isa = PBXBuildFile; fileRef = 20ED0ABE25DEADEC007C3BA8 /* ModuleAssembler.swift */; };
		20ED0AC325DEAE4A007C3BA8 /* MainView.swift in Sources */ = {isa = PBXBuildFile; fileRef = 20ED0AC225DEAE4A007C3BA8 /* MainView.swift */; };
/* End PBXBuildFile section */

/* Begin PBXFileReference section */
		2045F23A25E936C000D03EAA /* GeneratorProtocol.swift */ = {isa = PBXFileReference; lastKnownFileType = sourcecode.swift; path = GeneratorProtocol.swift; sourceTree = "<group>"; };
		2045F23E25E9372E00D03EAA /* FibsNumbersModel.swift */ = {isa = PBXFileReference; lastKnownFileType = sourcecode.swift; path = FibsNumbersModel.swift; sourceTree = "<group>"; };
		206580DD25DFE1F200D0A4E6 /* CustomCollectionViewCell.swift */ = {isa = PBXFileReference; lastKnownFileType = sourcecode.swift; path = CustomCollectionViewCell.swift; sourceTree = "<group>"; };
		20B3731725DE9B1E00CC6336 /* ITProduct.app */ = {isa = PBXFileReference; explicitFileType = wrapper.application; includeInIndex = 0; path = ITProduct.app; sourceTree = BUILT_PRODUCTS_DIR; };
		20B3731A25DE9B1E00CC6336 /* AppDelegate.swift */ = {isa = PBXFileReference; lastKnownFileType = sourcecode.swift; path = AppDelegate.swift; sourceTree = "<group>"; };
		20B3731C25DE9B1E00CC6336 /* SceneDelegate.swift */ = {isa = PBXFileReference; lastKnownFileType = sourcecode.swift; path = SceneDelegate.swift; sourceTree = "<group>"; };
		20B3731E25DE9B1E00CC6336 /* MainViewController.swift */ = {isa = PBXFileReference; lastKnownFileType = sourcecode.swift; path = MainViewController.swift; sourceTree = "<group>"; };
		20B3732325DE9B2100CC6336 /* Assets.xcassets */ = {isa = PBXFileReference; lastKnownFileType = folder.assetcatalog; path = Assets.xcassets; sourceTree = "<group>"; };
		20B3732625DE9B2100CC6336 /* Base */ = {isa = PBXFileReference; lastKnownFileType = file.storyboard; name = Base; path = Base.lproj/LaunchScreen.storyboard; sourceTree = "<group>"; };
		20B3732825DE9B2100CC6336 /* Info.plist */ = {isa = PBXFileReference; lastKnownFileType = text.plist.xml; path = Info.plist; sourceTree = "<group>"; };
		20ED0AB625DEA776007C3BA8 /* MainViewModel.swift */ = {isa = PBXFileReference; lastKnownFileType = sourcecode.swift; path = MainViewModel.swift; sourceTree = "<group>"; };
		20ED0ABA25DEA7CD007C3BA8 /* PrimeNumbersModel.swift */ = {isa = PBXFileReference; lastKnownFileType = sourcecode.swift; path = PrimeNumbersModel.swift; sourceTree = "<group>"; };
		20ED0ABE25DEADEC007C3BA8 /* ModuleAssembler.swift */ = {isa = PBXFileReference; lastKnownFileType = sourcecode.swift; path = ModuleAssembler.swift; sourceTree = "<group>"; };
		20ED0AC225DEAE4A007C3BA8 /* MainView.swift */ = {isa = PBXFileReference; lastKnownFileType = sourcecode.swift; path = MainView.swift; sourceTree = "<group>"; };
/* End PBXFileReference section */

/* Begin PBXFrameworksBuildPhase section */
		20B3731425DE9B1E00CC6336 /* Frameworks */ = {
			isa = PBXFrameworksBuildPhase;
			buildActionMask = 2147483647;
			files = (
			);
			runOnlyForDeploymentPostprocessing = 0;
		};
/* End PBXFrameworksBuildPhase section */

/* Begin PBXGroup section */
		20B3730E25DE9B1E00CC6336 = {
			isa = PBXGroup;
			children = (
				20B3731925DE9B1E00CC6336 /* ITProduct */,
				20B3731825DE9B1E00CC6336 /* Products */,
			);
			sourceTree = "<group>";
		};
		20B3731825DE9B1E00CC6336 /* Products */ = {
			isa = PBXGroup;
			children = (
				20B3731725DE9B1E00CC6336 /* ITProduct.app */,
			);
			name = Products;
			sourceTree = "<group>";
		};
		20B3731925DE9B1E00CC6336 /* ITProduct */ = {
			isa = PBXGroup;
			children = (
				20B3732F25DE9BE300CC6336 /* Application */,
				20ED0AB925DEA7C2007C3BA8 /* Models */,
				20B3733125DE9BEE00CC6336 /* MainModule */,
			);
			path = ITProduct;
			sourceTree = "<group>";
		};
		20B3732F25DE9BE300CC6336 /* Application */ = {
			isa = PBXGroup;
			children = (
				20B3731A25DE9B1E00CC6336 /* AppDelegate.swift */,
				20B3731C25DE9B1E00CC6336 /* SceneDelegate.swift */,
				20B3732325DE9B2100CC6336 /* Assets.xcassets */,
				20B3732525DE9B2100CC6336 /* LaunchScreen.storyboard */,
				20B3732825DE9B2100CC6336 /* Info.plist */,
				20ED0ABE25DEADEC007C3BA8 /* ModuleAssembler.swift */,
			);
			path = Application;
			sourceTree = "<group>";
		};
		20B3733125DE9BEE00CC6336 /* MainModule */ = {
			isa = PBXGroup;
			children = (
				20ED0AC225DEAE4A007C3BA8 /* MainView.swift */,
				20B3731E25DE9B1E00CC6336 /* MainViewController.swift */,
				20ED0AB625DEA776007C3BA8 /* MainViewModel.swift */,
			);
			path = MainModule;
			sourceTree = "<group>";
		};
		20ED0AB925DEA7C2007C3BA8 /* Models */ = {
			isa = PBXGroup;
			children = (
				206580DD25DFE1F200D0A4E6 /* CustomCollectionViewCell.swift */,
				2045F23A25E936C000D03EAA /* GeneratorProtocol.swift */,
				20ED0ABA25DEA7CD007C3BA8 /* PrimeNumbersModel.swift */,
				2045F23E25E9372E00D03EAA /* FibsNumbersModel.swift */,
			);
			path = Models;
			sourceTree = "<group>";
		};
/* End PBXGroup section */

/* Begin PBXNativeTarget section */
		20B3731625DE9B1E00CC6336 /* ITProduct */ = {
			isa = PBXNativeTarget;
			buildConfigurationList = 20B3732B25DE9B2100CC6336 /* Build configuration list for PBXNativeTarget "ITProduct" */;
			buildPhases = (
				20B3731325DE9B1E00CC6336 /* Sources */,
				20B3731425DE9B1E00CC6336 /* Frameworks */,
				20B3731525DE9B1E00CC6336 /* Resources */,
			);
			buildRules = (
			);
			dependencies = (
			);
			name = ITProduct;
			productName = ITProduct;
			productReference = 20B3731725DE9B1E00CC6336 /* ITProduct.app */;
			productType = "com.apple.product-type.application";
		};
/* End PBXNativeTarget section */

/* Begin PBXProject section */
		20B3730F25DE9B1E00CC6336 /* Project object */ = {
			isa = PBXProject;
			attributes = {
				LastSwiftUpdateCheck = 1230;
				LastUpgradeCheck = 1230;
				TargetAttributes = {
					20B3731625DE9B1E00CC6336 = {
						CreatedOnToolsVersion = 12.3;
					};
				};
			};
			buildConfigurationList = 20B3731225DE9B1E00CC6336 /* Build configuration list for PBXProject "ITProduct" */;
			compatibilityVersion = "Xcode 9.3";
			developmentRegion = en;
			hasScannedForEncodings = 0;
			knownRegions = (
				en,
				Base,
			);
			mainGroup = 20B3730E25DE9B1E00CC6336;
			productRefGroup = 20B3731825DE9B1E00CC6336 /* Products */;
			projectDirPath = "";
			projectRoot = "";
			targets = (
				20B3731625DE9B1E00CC6336 /* ITProduct */,
			);
		};
/* End PBXProject section */

/* Begin PBXResourcesBuildPhase section */
		20B3731525DE9B1E00CC6336 /* Resources */ = {
			isa = PBXResourcesBuildPhase;
			buildActionMask = 2147483647;
			files = (
				20B3732725DE9B2100CC6336 /* LaunchScreen.storyboard in Resources */,
				20B3732425DE9B2100CC6336 /* Assets.xcassets in Resources */,
			);
			runOnlyForDeploymentPostprocessing = 0;
		};
/* End PBXResourcesBuildPhase section */

/* Begin PBXSourcesBuildPhase section */
		20B3731325DE9B1E00CC6336 /* Sources */ = {
			isa = PBXSourcesBuildPhase;
			buildActionMask = 2147483647;
			files = (
				20B3731F25DE9B1E00CC6336 /* MainViewController.swift in Sources */,
				206580DE25DFE1F200D0A4E6 /* CustomCollectionViewCell.swift in Sources */,
				20ED0AC325DEAE4A007C3BA8 /* MainView.swift in Sources */,
				20B3731B25DE9B1E00CC6336 /* AppDelegate.swift in Sources */,
				2045F23B25E936C000D03EAA /* GeneratorProtocol.swift in Sources */,
				20ED0ABF25DEADEC007C3BA8 /* ModuleAssembler.swift in Sources */,
				2045F23F25E9372E00D03EAA /* FibsNumbersModel.swift in Sources */,
				20B3731D25DE9B1E00CC6336 /* SceneDelegate.swift in Sources */,
				20ED0AB725DEA776007C3BA8 /* MainViewModel.swift in Sources */,
				20ED0ABB25DEA7CD007C3BA8 /* PrimeNumbersModel.swift in Sources */,
			);
			runOnlyForDeploymentPostprocessing = 0;
		};
/* End PBXSourcesBuildPhase section */

/* Begin PBXVariantGroup section */
		20B3732525DE9B2100CC6336 /* LaunchScreen.storyboard */ = {
			isa = PBXVariantGroup;
			children = (
				20B3732625DE9B2100CC6336 /* Base */,
			);
			name = LaunchScreen.storyboard;
			sourceTree = "<group>";
		};
/* End PBXVariantGroup section */

/* Begin XCBuildConfiguration section */
		20B3732925DE9B2100CC6336 /* Debug */ = {
			isa = XCBuildConfiguration;
			buildSettings = {
				ALWAYS_SEARCH_USER_PATHS = NO;
				CLANG_ANALYZER_NONNULL = YES;
				CLANG_ANALYZER_NUMBER_OBJECT_CONVERSION = YES_AGGRESSIVE;
				CLANG_CXX_LANGUAGE_STANDARD = "gnu++14";
				CLANG_CXX_LIBRARY = "libc++";
				CLANG_ENABLE_MODULES = YES;
				CLANG_ENABLE_OBJC_ARC = YES;
				CLANG_ENABLE_OBJC_WEAK = YES;
				CLANG_WARN_BLOCK_CAPTURE_AUTORELEASING = YES;
				CLANG_WARN_BOOL_CONVERSION = YES;
				CLANG_WARN_COMMA = YES;
				CLANG_WARN_CONSTANT_CONVERSION = YES;
				CLANG_WARN_DEPRECATED_OBJC_IMPLEMENTATIONS = YES;
				CLANG_WARN_DIRECT_OBJC_ISA_USAGE = YES_ERROR;
				CLANG_WARN_DOCUMENTATION_COMMENTS = YES;
				CLANG_WARN_EMPTY_BODY = YES;
				CLANG_WARN_ENUM_CONVERSION = YES;
				CLANG_WARN_INFINITE_RECURSION = YES;
				CLANG_WARN_INT_CONVERSION = YES;
				CLANG_WARN_NON_LITERAL_NULL_CONVERSION = YES;
				CLANG_WARN_OBJC_IMPLICIT_RETAIN_SELF = YES;
				CLANG_WARN_OBJC_LITERAL_CONVERSION = YES;
				CLANG_WARN_OBJC_ROOT_CLASS = YES_ERROR;
				CLANG_WARN_QUOTED_INCLUDE_IN_FRAMEWORK_HEADER = YES;
				CLANG_WARN_RANGE_LOOP_ANALYSIS = YES;
				CLANG_WARN_STRICT_PROTOTYPES = YES;
				CLANG_WARN_SUSPICIOUS_MOVE = YES;
				CLANG_WARN_UNGUARDED_AVAILABILITY = YES_AGGRESSIVE;
				CLANG_WARN_UNREACHABLE_CODE = YES;
				CLANG_WARN__DUPLICATE_METHOD_MATCH = YES;
				COPY_PHASE_STRIP = NO;
				DEBUG_INFORMATION_FORMAT = dwarf;
				ENABLE_STRICT_OBJC_MSGSEND = YES;
				ENABLE_TESTABILITY = YES;
				GCC_C_LANGUAGE_STANDARD = gnu11;
				GCC_DYNAMIC_NO_PIC = NO;
				GCC_NO_COMMON_BLOCKS = YES;
				GCC_OPTIMIZATION_LEVEL = 0;
				GCC_PREPROCESSOR_DEFINITIONS = (
					"DEBUG=1",
					"$(inherited)",
				);
				GCC_WARN_64_TO_32_BIT_CONVERSION = YES;
				GCC_WARN_ABOUT_RETURN_TYPE = YES_ERROR;
				GCC_WARN_UNDECLARED_SELECTOR = YES;
				GCC_WARN_UNINITIALIZED_AUTOS = YES_AGGRESSIVE;
				GCC_WARN_UNUSED_FUNCTION = YES;
				GCC_WARN_UNUSED_VARIABLE = YES;
				IPHONEOS_DEPLOYMENT_TARGET = 14.3;
				MTL_ENABLE_DEBUG_INFO = INCLUDE_SOURCE;
				MTL_FAST_MATH = YES;
				ONLY_ACTIVE_ARCH = YES;
				SDKROOT = iphoneos;
				SWIFT_ACTIVE_COMPILATION_CONDITIONS = DEBUG;
				SWIFT_OPTIMIZATION_LEVEL = "-Onone";
			};
			name = Debug;
		};
		20B3732A25DE9B2100CC6336 /* Release */ = {
			isa = XCBuildConfiguration;
			buildSettings = {
				ALWAYS_SEARCH_USER_PATHS = NO;
				CLANG_ANALYZER_NONNULL = YES;
				CLANG_ANALYZER_NUMBER_OBJECT_CONVERSION = YES_AGGRESSIVE;
				CLANG_CXX_LANGUAGE_STANDARD = "gnu++14";
				CLANG_CXX_LIBRARY = "libc++";
				CLANG_ENABLE_MODULES = YES;
				CLANG_ENABLE_OBJC_ARC = YES;
				CLANG_ENABLE_OBJC_WEAK = YES;
				CLANG_WARN_BLOCK_CAPTURE_AUTORELEASING = YES;
				CLANG_WARN_BOOL_CONVERSION = YES;
				CLANG_WARN_COMMA = YES;
				CLANG_WARN_CONSTANT_CONVERSION = YES;
				CLANG_WARN_DEPRECATED_OBJC_IMPLEMENTATIONS = YES;
				CLANG_WARN_DIRECT_OBJC_ISA_USAGE = YES_ERROR;
				CLANG_WARN_DOCUMENTATION_COMMENTS = YES;
				CLANG_WARN_EMPTY_BODY = YES;
				CLANG_WARN_ENUM_CONVERSION = YES;
				CLANG_WARN_INFINITE_RECURSION = YES;
				CLANG_WARN_INT_CONVERSION = YES;
				CLANG_WARN_NON_LITERAL_NULL_CONVERSION = YES;
				CLANG_WARN_OBJC_IMPLICIT_RETAIN_SELF = YES;
				CLANG_WARN_OBJC_LITERAL_CONVERSION = YES;
				CLANG_WARN_OBJC_ROOT_CLASS = YES_ERROR;
				CLANG_WARN_QUOTED_INCLUDE_IN_FRAMEWORK_HEADER = YES;
				CLANG_WARN_RANGE_LOOP_ANALYSIS = YES;
				CLANG_WARN_STRICT_PROTOTYPES = YES;
				CLANG_WARN_SUSPICIOUS_MOVE = YES;
				CLANG_WARN_UNGUARDED_AVAILABILITY = YES_AGGRESSIVE;
				CLANG_WARN_UNREACHABLE_CODE = YES;
				CLANG_WARN__DUPLICATE_METHOD_MATCH = YES;
				COPY_PHASE_STRIP = NO;
				DEBUG_INFORMATION_FORMAT = "dwarf-with-dsym";
				ENABLE_NS_ASSERTIONS = NO;
				ENABLE_STRICT_OBJC_MSGSEND = YES;
				GCC_C_LANGUAGE_STANDARD = gnu11;
				GCC_NO_COMMON_BLOCKS = YES;
				GCC_WARN_64_TO_32_BIT_CONVERSION = YES;
				GCC_WARN_ABOUT_RETURN_TYPE = YES_ERROR;
				GCC_WARN_UNDECLARED_SELECTOR = YES;
				GCC_WARN_UNINITIALIZED_AUTOS = YES_AGGRESSIVE;
				GCC_WARN_UNUSED_FUNCTION = YES;
				GCC_WARN_UNUSED_VARIABLE = YES;
				IPHONEOS_DEPLOYMENT_TARGET = 14.3;
				MTL_ENABLE_DEBUG_INFO = NO;
				MTL_FAST_MATH = YES;
				SDKROOT = iphoneos;
				SWIFT_COMPILATION_MODE = wholemodule;
				SWIFT_OPTIMIZATION_LEVEL = "-O";
				VALIDATE_PRODUCT = YES;
			};
			name = Release;
		};
		20B3732C25DE9B2100CC6336 /* Debug */ = {
			isa = XCBuildConfiguration;
			buildSettings = {
				ASSETCATALOG_COMPILER_APPICON_NAME = AppIcon;
				ASSETCATALOG_COMPILER_GLOBAL_ACCENT_COLOR_NAME = AccentColor;
				CODE_SIGN_STYLE = Automatic;
				DEVELOPMENT_TEAM = 65TNRYCD64;
				INFOPLIST_FILE = ITProduct/Application/Info.plist;
				LD_RUNPATH_SEARCH_PATHS = (
					"$(inherited)",
					"@executable_path/Frameworks",
				);
				PRODUCT_BUNDLE_IDENTIFIER = KirillMagerya.ITProduct;
				PRODUCT_NAME = "$(TARGET_NAME)";
				SWIFT_VERSION = 5.0;
				TARGETED_DEVICE_FAMILY = "1,2";
			};
			name = Debug;
		};
		20B3732D25DE9B2100CC6336 /* Release */ = {
			isa = XCBuildConfiguration;
			buildSettings = {
				ASSETCATALOG_COMPILER_APPICON_NAME = AppIcon;
				ASSETCATALOG_COMPILER_GLOBAL_ACCENT_COLOR_NAME = AccentColor;
				CODE_SIGN_STYLE = Automatic;
				DEVELOPMENT_TEAM = 65TNRYCD64;
				INFOPLIST_FILE = ITProduct/Application/Info.plist;
				LD_RUNPATH_SEARCH_PATHS = (
					"$(inherited)",
					"@executable_path/Frameworks",
				);
				PRODUCT_BUNDLE_IDENTIFIER = KirillMagerya.ITProduct;
				PRODUCT_NAME = "$(TARGET_NAME)";
				SWIFT_VERSION = 5.0;
				TARGETED_DEVICE_FAMILY = "1,2";
			};
			name = Release;
		};
/* End XCBuildConfiguration section */

/* Begin XCConfigurationList section */
		20B3731225DE9B1E00CC6336 /* Build configuration list for PBXProject "ITProduct" */ = {
			isa = XCConfigurationList;
			buildConfigurations = (
				20B3732925DE9B2100CC6336 /* Debug */,
				20B3732A25DE9B2100CC6336 /* Release */,
			);
			defaultConfigurationIsVisible = 0;
			defaultConfigurationName = Release;
		};
		20B3732B25DE9B2100CC6336 /* Build configuration list for PBXNativeTarget "ITProduct" */ = {
			isa = XCConfigurationList;
			buildConfigurations = (
				20B3732C25DE9B2100CC6336 /* Debug */,
				20B3732D25DE9B2100CC6336 /* Release */,
			);
			defaultConfigurationIsVisible = 0;
			defaultConfigurationName = Release;
		};
/* End XCConfigurationList section */
	};
	rootObject = 20B3730F25DE9B1E00CC6336 /* Project object */;
}
